
Microsoft Visual Studio Solution File, Format Version 12.00
# Visual Studio 2012
Project("{FAE04EC0-301F-11D3-BF4B-00C04F79EFBC}") = "PasteImageSample", "PasteImageSample\PasteImageSample.csproj", "{20F350F3-5964-4AF8-9CE3-B3627E1A730B}"
EndProject
Global
	GlobalSection(SolutionConfigurationPlatforms) = preSolution
		Debug|Any CPU = Debug|Any CPU
		Release|Any CPU = Release|Any CPU
	EndGlobalSection
	GlobalSection(ProjectConfigurationPlatforms) = postSolution
		{20F350F3-5964-4AF8-9CE3-B3627E1A730B}.Debug|Any CPU.ActiveCfg = Debug|Any CPU
		{20F350F3-5964-4AF8-9CE3-B3627E1A730B}.Debug|Any CPU.Build.0 = Debug|Any CPU
		{20F350F3-5964-4AF8-9CE3-B3627E1A730B}.Release|Any CPU.ActiveCfg = Release|Any CPU
		{20F350F3-5964-4AF8-9CE3-B3627E1A730B}.Release|Any CPU.Build.0 = Release|Any CPU
	EndGlobalSection
	GlobalSection(SolutionProperties) = preSolution
		HideSolutionNode = FALSE
	EndGlobalSection
EndGlobal
